# @generated by Move, please check-in and do not edit manually.

[move]
version = 3
manifest_digest = "ED81E84DC64A65434D1942AEB38EE624D85AEE0B4EFBF19722F2279C5D6C38ED"
deps_digest = "F8BBB0CCB2491CA29A3DF03D6F92277A4F3574266507ACD77214D37ECA3F3082"
dependencies = [
  { id = "Iota", name = "Iota" },
]

[[move.package]]
id = "Iota"
source = { git = "https://github.com/iotaledger/iota.git", rev = "testnet", subdir = "crates/iota-framework/packages/iota-framework" }

dependencies = [
  { id = "MoveStdlib", name = "MoveStdlib" },
]

[[move.package]]
id = "MoveStdlib"
source = { git = "https://github.com/iotaledger/iota.git", rev = "testnet", subdir = "crates/iota-framework/packages/move-stdlib" }

[move.toolchain-version]
compiler-version = "1.13.1-rc"
edition = "2024.beta"
flavor = "iota"

[env]

[env.testnet]
chain-id = "2304aa97"
original-published-id = "0xea6ecc84a4b420ac7498c0f52713dd8df92c68c0783062710e692fd831ab7dec"
latest-published-id = "0xea6ecc84a4b420ac7498c0f52713dd8df92c68c0783062710e692fd831ab7dec"
published-version = "1"
